
Microsoft Visual Studio Solution File, Format Version 12.00
# Visual Studio Version 16
VisualStudioVersion = 16.0.28729.10
MinimumVisualStudioVersion = 10.0.40219.1
Project("{FAE04EC0-301F-11D3-BF4B-00C04F79EFBC}") = "BarbeariaFirebase", "BarbeariaFirebase\BarbeariaFirebase\BarbeariaFirebase.csproj", "{D02B4AB3-A9C7-4841-9ABB-66895191E0E0}"
EndProject
Project("{FAE04EC0-301F-11D3-BF4B-00C04F79EFBC}") = "BarbeariaFirebase.Android", "BarbeariaFirebase\BarbeariaFirebase.Android\BarbeariaFirebase.Android.csproj", "{62EF69D6-CAE4-4E92-831F-942F184D1334}"
EndProject
Project("{FAE04EC0-301F-11D3-BF4B-00C04F79EFBC}") = "BarbeariaFirebase.iOS", "BarbeariaFirebase\BarbeariaFirebase.iOS\BarbeariaFirebase.iOS.csproj", "{7BA8194C-4CC5-4C35-8B39-228219A871A1}"
EndProject
Global
	GlobalSection(SolutionConfigurationPlatforms) = preSolution
		Ad-Hoc|Any CPU = Ad-Hoc|Any CPU
		Ad-Hoc|iPhone = Ad-Hoc|iPhone
		Ad-Hoc|iPhoneSimulator = Ad-Hoc|iPhoneSimulator
		AppStore|Any CPU = AppStore|Any CPU
		AppStore|iPhone = AppStore|iPhone
		AppStore|iPhoneSimulator = AppStore|iPhoneSimulator
		Debug|Any CPU = Debug|Any CPU
		Debug|iPhone = Debug|iPhone
		Debug|iPhoneSimulator = Debug|iPhoneSimulator
		Release|Any CPU = Release|Any CPU
		Release|iPhone = Release|iPhone
		Release|iPhoneSimulator = Release|iPhoneSimulator
	EndGlobalSection
	GlobalSection(ProjectConfigurationPlatforms) = postSolution
		{D02B4AB3-A9C7-4841-9ABB-66895191E0E0}.Ad-Hoc|Any CPU.ActiveCfg = Debug|Any CPU
		{D02B4AB3-A9C7-4841-9ABB-66895191E0E0}.Ad-Hoc|Any CPU.Build.0 = Debug|Any CPU
		{D02B4AB3-A9C7-4841-9ABB-66895191E0E0}.Ad-Hoc|iPhone.ActiveCfg = Debug|Any CPU
		{D02B4AB3-A9C7-4841-9ABB-66895191E0E0}.Ad-Hoc|iPhone.Build.0 = Debug|Any CPU
		{D02B4AB3-A9C7-4841-9ABB-66895191E0E0}.Ad-Hoc|iPhoneSimulator.ActiveCfg = Debug|Any CPU
		{D02B4AB3-A9C7-4841-9ABB-66895191E0E0}.Ad-Hoc|iPhoneSimulator.Build.0 = Debug|Any CPU
		{D02B4AB3-A9C7-4841-9ABB-66895191E0E0}.AppStore|Any CPU.ActiveCfg = Debug|Any CPU
		{D02B4AB3-A9C7-4841-9ABB-66895191E0E0}.AppStore|Any CPU.Build.0 = Debug|Any CPU
		{D02B4AB3-A9C7-4841-9ABB-66895191E0E0}.AppStore|iPhone.ActiveCfg = Debug|Any CPU
		{D02B4AB3-A9C7-4841-9ABB-66895191E0E0}.AppStore|iPhone.Build.0 = Debug|Any CPU
		{D02B4AB3-A9C7-4841-9ABB-66895191E0E0}.AppStore|iPhoneSimulator.ActiveCfg = Debug|Any CPU
		{D02B4AB3-A9C7-4841-9ABB-66895191E0E0}.AppStore|iPhoneSimulator.Build.0 = Debug|Any CPU
		{D02B4AB3-A9C7-4841-9ABB-66895191E0E0}.Debug|Any CPU.ActiveCfg = Debug|Any CPU
		{D02B4AB3-A9C7-4841-9ABB-66895191E0E0}.Debug|Any CPU.Build.0 = Debug|Any CPU
		{D02B4AB3-A9C7-4841-9ABB-66895191E0E0}.Debug|iPhone.ActiveCfg = Debug|Any CPU
		{D02B4AB3-A9C7-4841-9ABB-66895191E0E0}.Debug|iPhone.Build.0 = Debug|Any CPU
		{D02B4AB3-A9C7-4841-9ABB-66895191E0E0}.Debug|iPhoneSimulator.ActiveCfg = Debug|Any CPU
		{D02B4AB3-A9C7-4841-9ABB-66895191E0E0}.Debug|iPhoneSimulator.Build.0 = Debug|Any CPU
		{D02B4AB3-A9C7-4841-9ABB-66895191E0E0}.Release|Any CPU.ActiveCfg = Release|Any CPU
		{D02B4AB3-A9C7-4841-9ABB-66895191E0E0}.Release|Any CPU.Build.0 = Release|Any CPU
		{D02B4AB3-A9C7-4841-9ABB-66895191E0E0}.Release|iPhone.ActiveCfg = Release|Any CPU
		{D02B4AB3-A9C7-4841-9ABB-66895191E0E0}.Release|iPhone.Build.0 = Release|Any CPU
		{D02B4AB3-A9C7-4841-9ABB-66895191E0E0}.Release|iPhoneSimulator.ActiveCfg = Release|Any CPU
		{D02B4AB3-A9C7-4841-9ABB-66895191E0E0}.Release|iPhoneSimulator.Build.0 = Release|Any CPU
		{62EF69D6-CAE4-4E92-831F-942F184D1334}.Ad-Hoc|Any CPU.ActiveCfg = Release|Any CPU
		{62EF69D6-CAE4-4E92-831F-942F184D1334}.Ad-Hoc|Any CPU.Build.0 = Release|Any CPU
		{62EF69D6-CAE4-4E92-831F-942F184D1334}.Ad-Hoc|Any CPU.Deploy.0 = Release|Any CPU
		{62EF69D6-CAE4-4E92-831F-942F184D1334}.Ad-Hoc|iPhone.ActiveCfg = Release|Any CPU
		{62EF69D6-CAE4-4E92-831F-942F184D1334}.Ad-Hoc|iPhone.Build.0 = Release|Any CPU
		{62EF69D6-CAE4-4E92-831F-942F184D1334}.Ad-Hoc|iPhone.Deploy.0 = Release|Any CPU
		{62EF69D6-CAE4-4E92-831F-942F184D1334}.Ad-Hoc|iPhoneSimulator.ActiveCfg = Release|Any CPU
		{62EF69D6-CAE4-4E92-831F-942F184D1334}.Ad-Hoc|iPhoneSimulator.Build.0 = Release|Any CPU
		{62EF69D6-CAE4-4E92-831F-942F184D1334}.Ad-Hoc|iPhoneSimulator.Deploy.0 = Release|Any CPU
		{62EF69D6-CAE4-4E92-831F-942F184D1334}.AppStore|Any CPU.ActiveCfg = Release|Any CPU
		{62EF69D6-CAE4-4E92-831F-942F184D1334}.AppStore|Any CPU.Build.0 = Release|Any CPU
		{62EF69D6-CAE4-4E92-831F-942F184D1334}.AppStore|Any CPU.Deploy.0 = Release|Any CPU
		{62EF69D6-CAE4-4E92-831F-942F184D1334}.AppStore|iPhone.ActiveCfg = Release|Any CPU
		{62EF69D6-CAE4-4E92-831F-942F184D1334}.AppStore|iPhone.Build.0 = Release|Any CPU
		{62EF69D6-CAE4-4E92-831F-942F184D1334}.AppStore|iPhone.Deploy.0 = Release|Any CPU
		{62EF69D6-CAE4-4E92-831F-942F184D1334}.AppStore|iPhoneSimulator.ActiveCfg = Release|Any CPU
		{62EF69D6-CAE4-4E92-831F-942F184D1334}.AppStore|iPhoneSimulator.Build.0 = Release|Any CPU
		{62EF69D6-CAE4-4E92-831F-942F184D1334}.AppStore|iPhoneSimulator.Deploy.0 = Release|Any CPU
		{62EF69D6-CAE4-4E92-831F-942F184D1334}.Debug|Any CPU.ActiveCfg = Debug|Any CPU
		{62EF69D6-CAE4-4E92-831F-942F184D1334}.Debug|Any CPU.Build.0 = Debug|Any CPU
		{62EF69D6-CAE4-4E92-831F-942F184D1334}.Debug|Any CPU.Deploy.0 = Debug|Any CPU
		{62EF69D6-CAE4-4E92-831F-942F184D1334}.Debug|iPhone.ActiveCfg = Debug|Any CPU
		{62EF69D6-CAE4-4E92-831F-942F184D1334}.Debug|iPhone.Build.0 = Debug|Any CPU
		{62EF69D6-CAE4-4E92-831F-942F184D1334}.Debug|iPhone.Deploy.0 = Debug|Any CPU
		{62EF69D6-CAE4-4E92-831F-942F184D1334}.Debug|iPhoneSimulator.ActiveCfg = Debug|Any CPU
		{62EF69D6-CAE4-4E92-831F-942F184D1334}.Debug|iPhoneSimulator.Build.0 = Debug|Any CPU
		{62EF69D6-CAE4-4E92-831F-942F184D1334}.Debug|iPhoneSimulator.Deploy.0 = Debug|Any CPU
		{62EF69D6-CAE4-4E92-831F-942F184D1334}.Release|Any CPU.ActiveCfg = Release|Any CPU
		{62EF69D6-CAE4-4E92-831F-942F184D1334}.Release|Any CPU.Build.0 = Release|Any CPU
		{62EF69D6-CAE4-4E92-831F-942F184D1334}.Release|Any CPU.Deploy.0 = Release|Any CPU
		{62EF69D6-CAE4-4E92-831F-942F184D1334}.Release|iPhone.ActiveCfg = Release|Any CPU
		{62EF69D6-CAE4-4E92-831F-942F184D1334}.Release|iPhone.Build.0 = Release|Any CPU
		{62EF69D6-CAE4-4E92-831F-942F184D1334}.Release|iPhone.Deploy.0 = Release|Any CPU
		{62EF69D6-CAE4-4E92-831F-942F184D1334}.Release|iPhoneSimulator.ActiveCfg = Release|Any CPU
		{62EF69D6-CAE4-4E92-831F-942F184D1334}.Release|iPhoneSimulator.Build.0 = Release|Any CPU
		{62EF69D6-CAE4-4E92-831F-942F184D1334}.Release|iPhoneSimulator.Deploy.0 = Release|Any CPU
		{7BA8194C-4CC5-4C35-8B39-228219A871A1}.Ad-Hoc|Any CPU.ActiveCfg = Ad-Hoc|iPhone
		{7BA8194C-4CC5-4C35-8B39-228219A871A1}.Ad-Hoc|iPhone.ActiveCfg = Ad-Hoc|iPhone
		{7BA8194C-4CC5-4C35-8B39-228219A871A1}.Ad-Hoc|iPhone.Build.0 = Ad-Hoc|iPhone
		{7BA8194C-4CC5-4C35-8B39-228219A871A1}.Ad-Hoc|iPhoneSimulator.ActiveCfg = Ad-Hoc|iPhoneSimulator
		{7BA8194C-4CC5-4C35-8B39-228219A871A1}.Ad-Hoc|iPhoneSimulator.Build.0 = Ad-Hoc|iPhoneSimulator
		{7BA8194C-4CC5-4C35-8B39-228219A871A1}.AppStore|Any CPU.ActiveCfg = AppStore|iPhone
		{7BA8194C-4CC5-4C35-8B39-228219A871A1}.AppStore|iPhone.ActiveCfg = AppStore|iPhone
		{7BA8194C-4CC5-4C35-8B39-228219A871A1}.AppStore|iPhone.Build.0 = AppStore|iPhone
		{7BA8194C-4CC5-4C35-8B39-228219A871A1}.AppStore|iPhoneSimulator.ActiveCfg = AppStore|iPhoneSimulator
		{7BA8194C-4CC5-4C35-8B39-228219A871A1}.AppStore|iPhoneSimulator.Build.0 = AppStore|iPhoneSimulator
		{7BA8194C-4CC5-4C35-8B39-228219A871A1}.Debug|Any CPU.ActiveCfg = Debug|iPhone
		{7BA8194C-4CC5-4C35-8B39-228219A871A1}.Debug|iPhone.ActiveCfg = Debug|iPhone
		{7BA8194C-4CC5-4C35-8B39-228219A871A1}.Debug|iPhone.Build.0 = Debug|iPhone
		{7BA8194C-4CC5-4C35-8B39-228219A871A1}.Debug|iPhoneSimulator.ActiveCfg = Debug|iPhoneSimulator
		{7BA8194C-4CC5-4C35-8B39-228219A871A1}.Debug|iPhoneSimulator.Build.0 = Debug|iPhoneSimulator
		{7BA8194C-4CC5-4C35-8B39-228219A871A1}.Release|Any CPU.ActiveCfg = Release|iPhone
		{7BA8194C-4CC5-4C35-8B39-228219A871A1}.Release|iPhone.ActiveCfg = Release|iPhone
		{7BA8194C-4CC5-4C35-8B39-228219A871A1}.Release|iPhone.Build.0 = Release|iPhone
		{7BA8194C-4CC5-4C35-8B39-228219A871A1}.Release|iPhoneSimulator.ActiveCfg = Release|iPhoneSimulator
		{7BA8194C-4CC5-4C35-8B39-228219A871A1}.Release|iPhoneSimulator.Build.0 = Release|iPhoneSimulator
	EndGlobalSection
	GlobalSection(SolutionProperties) = preSolution
		HideSolutionNode = FALSE
	EndGlobalSection
	GlobalSection(ExtensibilityGlobals) = postSolution
		SolutionGuid = {5164D4CF-FD50-46E2-AF85-D7A28A8EA591}
	EndGlobalSection
EndGlobal
